<?xml version="1.0" encoding="utf-8"?>
<Project ToolsVersion="4.0" xmlns="http://schemas.microsoft.com/developer/msbuild/2003">
  <ItemGroup>
    <Filter Include="Quelldateien">
      <UniqueIdentifier>{4FC737F1-C7A5-4376-A066-2A32D752A2FF}</UniqueIdentifier>
      <Extensions>cpp;c;cc;cxx;c++;cppm;ixx;def;odl;idl;hpj;bat;asm;asmx</Extensions>
    </Filter>
    <Filter Include="Headerdateien">
      <UniqueIdentifier>{93995380-89BD-4b04-88EB-625FBE52EBFB}</UniqueIdentifier>
      <Extensions>h;hh;hpp;hxx;h++;hm;inl;inc;ipp;xsd</Extensions>
    </Filter>
    <Filter Include="Ressourcendateien">
      <UniqueIdentifier>{67DA6AB6-F800-4c08-8B7A-83BB121AAD01}</UniqueIdentifier>
      <Extensions>rc;ico;cur;bmp;dlg;rc2;rct;bin;rgs;gif;jpg;jpeg;jpe;resx;tiff;tif;png;wav;mfcribbon-ms</Extensions>
    </Filter>
    <Filter Include="Shader">
      <UniqueIdentifier>{bf70d8fe-3ad6-4470-8713-b5f5e31b7f73}</UniqueIdentifier>
    </Filter>
  </ItemGroup>
  <ItemGroup>
    <ClCompile Include="main.cpp">
      <Filter>Quelldateien</Filter>
    </ClCompile>
    <ClCompile Include="D3D.cpp">
      <Filter>Quelldateien</Filter>
    </ClCompile>
    <ClCompile Include="Triangulator.cpp">
      <Filter>Quelldateien</Filter>
    </ClCompile>
    <ClCompile Include="Image.cpp">
      <Filter>Quelldateien</Filter>
    </ClCompile>
  </ItemGroup>
  <ItemGroup>
    <ClInclude Include="D3D.h">
      <Filter>Headerdateien</Filter>
    </ClInclude>
    <ClInclude Include="Triangulator.h">
      <Filter>Headerdateien</Filter>
    </ClInclude>
    <ClInclude Include="Image.h">
      <Filter>Headerdateien</Filter>
    </ClInclude>
    <ClInclude Include="common.h">
      <Filter>Headerdateien</Filter>
    </ClInclude>
  </ItemGroup>
  <ItemGroup>
    <FxCompile Include="shader\VertexShader.hlsl" />
    <FxCompile Include="shader\PixelShader.hlsl" />
    <FxCompile Include="shader\ComputeConstantColor.hlsl" />
    <FxCompile Include="shader\UpdatePositionsRTT.hlsl" />
    <FxCompile Include="shader\ComputeLinearGradients.hlsl" />
    <FxCompile Include="shader\PSLinearGradients.hlsl" />
    <FxCompile Include="shader\CCC_bi_interp.hlsl" />
    <FxCompile Include="shader\ComputeGradient_cpct.hlsl" />
    <FxCompile Include="shader\CLG_bi_interp.hlsl" />
    <FxCompile Include="shader\ComputeGradient_cplg.hlsl" />
    <FxCompile Include="shader\ComputeGradient_bipct.hlsl" />
    <FxCompile Include="shader\FiniteDifferences.hlsl" />
    <FxCompile Include="shader\UpdatePositionsFinDiff.hlsl" />
    <FxCompile Include="shader\ComputeError.hlsl" />
    <FxCompile Include="shader\ComputeErrorFinDiff.hlsl" />
    <FxCompile Include="shader\ComputePixelVariance.hlsl" />
    <FxCompile Include="shader\PSWithError.hlsl" />
    <FxCompile Include="shader\PSLinGradWithError.hlsl" />
    <FxCompile Include="shader\ComputeImageError.hlsl" />
  </ItemGroup>
</Project>